{
  "name": "sendgrid-parse-api-example",
  "version": "0.0.1",
  "lockfileVersion": 1,
  "requires": true,
  "dependencies": {
    "dotenv": {
      "version": "0.0.3",
      "resolved": "https://registry.npmjs.org/dotenv/-/dotenv-0.0.3.tgz",
      "integrity": "sha1-vCsod1fOlXWSISl0Ul9XEHn1hQw="
    }
  }
}
